{"1.1.0",
[{<<"cowboy">>,
  {git,"https://github.com/ninenines/cowboy",
       {ref,"63b17e4edf666d995ec86cdcda17a62ba5ebc423"}},
  0},
 {<<"cowlib">>,
  {git,"https://github.com/ninenines/cowlib",
       {ref,"c6553f8308a2ca5dcd69d845f0a7d098c40c3363"}},
  1},
 {<<"goldrush">>,{pkg,<<"goldrush">>,<<"0.1.9">>},1},
 {<<"ibrowse">>,{pkg,<<"ibrowse">>,<<"4.4.1">>},0},
 {<<"jsx">>,{pkg,<<"jsx">>,<<"2.10.0">>},0},
 {<<"lager">>,
  {git,"https://github.com/erlang-lager/lager.git",
       {ref,"f26a8ea0f4c2ed6506a54e0b9890edd8148b9500"}},
  0},
 {<<"mysql">>,
  {git,"https://github.com/mysql-otp/mysql-otp.git",
       {ref,"fba7fee3b15917cce77c0dc2c1f2a2e132e108ab"}},
  1},
 {<<"mysql-otp-poolboy">>,
  {git,"https://github.com/mysql-otp/mysql-otp-poolboy.git",
       {ref,"01395571eefa5d9e14d5273706c80b33a4acb8f9"}},
  0},
 {<<"mysql_otp_poolboy">>,
  {git,"https://github.com/mysql-otp/mysql-otp-poolboy.git",
       {ref,"01395571eefa5d9e14d5273706c80b33a4acb8f9"}},
  0},
 {<<"mysql_poolboy">>,
  {git,"https://github.com/mysql-otp/mysql-otp-poolboy",
       {ref,"01395571eefa5d9e14d5273706c80b33a4acb8f9"}},
  0},
 {<<"poolboy">>,
  {git,"https://github.com/devinus/poolboy.git",
       {ref,"29be47db8c2be38b18c908e43a80ebb7b9b6116b"}},
  1},
 {<<"ranch">>,
  {git,"https://github.com/ninenines/ranch",
       {ref,"3190aef88aea04d6dce8545fe9b4574288903f44"}},
  1}]}.
[
{pkg_hash,[
 {<<"goldrush">>, <<"F06E5D5F1277DA5C413E84D5A2924174182FB108DABB39D5EC548B27424CD106">>},
 {<<"ibrowse">>, <<"2B7D0637B0F8B9B4182DE4BD0F2E826A4DA2C9B04898B6E15659BA921A8D6EC2">>},
 {<<"jsx">>, <<"77760560D6AC2B8C51FD4C980E9E19B784016AA70BE354CE746472C33BEB0B1C">>}]}
].
